// !$*UTF8*$!
{
	archiveVersion = 1;
	classes = {
	};
	objectVersion = 46;
	objects = {

/* Begin PBXBuildFile section */
		429161951E026E21000E4A86 /* AppDelegate.swift in Sources */ = {isa = PBXBuildFile; fileRef = 429161941E026E21000E4A86 /* AppDelegate.swift */; };
		429161971E026E21000E4A86 /* ViewController.swift in Sources */ = {isa = PBXBuildFile; fileRef = 429161961E026E21000E4A86 /* ViewController.swift */; };
		4291619A1E026E21000E4A86 /* Main.storyboard in Resources */ = {isa = PBXBuildFile; fileRef = 429161981E026E21000E4A86 /* Main.storyboard */; };
		4291619C1E026E21000E4A86 /* Assets.xcassets in Resources */ = {isa = PBXBuildFile; fileRef = 4291619B1E026E21000E4A86 /* Assets.xcassets */; };
		4291619F1E026E21000E4A86 /* LaunchScreen.storyboard in Resources */ = {isa = PBXBuildFile; fileRef = 4291619D1E026E21000E4A86 /* LaunchScreen.storyboard */; };
		429161A71E02742E000E4A86 /* donghua.swift in Sources */ = {isa = PBXBuildFile; fileRef = 429161A61E02742E000E4A86 /* donghua.swift */; };
		42FB6F831E13B3D1001106E9 /* ZTableView.swift in Sources */ = {isa = PBXBuildFile; fileRef = 42FB6F821E13B3D1001106E9 /* ZTableView.swift */; };
/* End PBXBuildFile section */

/* Begin PBXFileReference section */
		429161911E026E21000E4A86 /* 动画.app */ = {isa = PBXFileReference; explicitFileType = wrapper.application; includeInIndex = 0; path = "动画.app"; sourceTree = BUILT_PRODUCTS_DIR; };
		429161941E026E21000E4A86 /* AppDelegate.swift */ = {isa = PBXFileReference; lastKnownFileType = sourcecode.swift; path = AppDelegate.swift; sourceTree = "<group>"; };
		429161961E026E21000E4A86 /* ViewController.swift */ = {isa = PBXFileReference; lastKnownFileType = sourcecode.swift; path = ViewController.swift; sourceTree = "<group>"; };
		429161991E026E21000E4A86 /* Base */ = {isa = PBXFileReference; lastKnownFileType = file.storyboard; name = Base; path = Base.lproj/Main.storyboard; sourceTree = "<group>"; };
		4291619B1E026E21000E4A86 /* Assets.xcassets */ = {isa = PBXFileReference; lastKnownFileType = folder.assetcatalog; path = Assets.xcassets; sourceTree = "<group>"; };
		4291619E1E026E21000E4A86 /* Base */ = {isa = PBXFileReference; lastKnownFileType = file.storyboard; name = Base; path = Base.lproj/LaunchScreen.storyboard; sourceTree = "<group>"; };
		429161A01E026E21000E4A86 /* Info.plist */ = {isa = PBXFileReference; lastKnownFileType = text.plist.xml; path = Info.plist; sourceTree = "<group>"; };
		429161A61E02742E000E4A86 /* donghua.swift */ = {isa = PBXFileReference; fileEncoding = 4; lastKnownFileType = sourcecode.swift; path = donghua.swift; sourceTree = "<group>"; };
		42FB6F821E13B3D1001106E9 /* ZTableView.swift */ = {isa = PBXFileReference; fileEncoding = 4; lastKnownFileType = sourcecode.swift; path = ZTableView.swift; sourceTree = "<group>"; };
/* End PBXFileReference section */

/* Begin PBXFrameworksBuildPhase section */
		4291618E1E026E21000E4A86 /* Frameworks */ = {
			isa = PBXFrameworksBuildPhase;
			buildActionMask = 2147483647;
			files = (
			);
			runOnlyForDeploymentPostprocessing = 0;
		};
/* End PBXFrameworksBuildPhase section */

/* Begin PBXGroup section */
		425A02301E1378170032AB45 /* 工具 */ = {
			isa = PBXGroup;
			children = (
				425A02311E1378490032AB45 /* tableview */,
				429161931E026E21000E4A86 /* 动画 */,
			);
			name = "工具";
			sourceTree = "<group>";
		};
		425A02311E1378490032AB45 /* tableview */ = {
			isa = PBXGroup;
			children = (
				42FB6F821E13B3D1001106E9 /* ZTableView.swift */,
			);
			name = tableview;
			sourceTree = "<group>";
		};
		429161881E026E21000E4A86 = {
			isa = PBXGroup;
			children = (
				425A02301E1378170032AB45 /* 工具 */,
				429161921E026E21000E4A86 /* Products */,
			);
			sourceTree = "<group>";
		};
		429161921E026E21000E4A86 /* Products */ = {
			isa = PBXGroup;
			children = (
				429161911E026E21000E4A86 /* 动画.app */,
			);
			name = Products;
			sourceTree = "<group>";
		};
		429161931E026E21000E4A86 /* 动画 */ = {
			isa = PBXGroup;
			children = (
				429161941E026E21000E4A86 /* AppDelegate.swift */,
				429161961E026E21000E4A86 /* ViewController.swift */,
				429161981E026E21000E4A86 /* Main.storyboard */,
				4291619B1E026E21000E4A86 /* Assets.xcassets */,
				4291619D1E026E21000E4A86 /* LaunchScreen.storyboard */,
				429161A01E026E21000E4A86 /* Info.plist */,
				429161A61E02742E000E4A86 /* donghua.swift */,
			);
			path = "动画";
			sourceTree = "<group>";
		};
/* End PBXGroup section */

/* Begin PBXNativeTarget section */
		429161901E026E21000E4A86 /* 动画 */ = {
			isa = PBXNativeTarget;
			buildConfigurationList = 429161A31E026E21000E4A86 /* Build configuration list for PBXNativeTarget "动画" */;
			buildPhases = (
				4291618D1E026E21000E4A86 /* Sources */,
				4291618E1E026E21000E4A86 /* Frameworks */,
				4291618F1E026E21000E4A86 /* Resources */,
			);
			buildRules = (
			);
			dependencies = (
			);
			name = "动画";
			productName = "动画";
			productReference = 429161911E026E21000E4A86 /* 动画.app */;
			productType = "com.apple.product-type.application";
		};
/* End PBXNativeTarget section */

/* Begin PBXProject section */
		429161891E026E21000E4A86 /* Project object */ = {
			isa = PBXProject;
			attributes = {
				LastSwiftUpdateCheck = 0810;
				LastUpgradeCheck = 0810;
				ORGANIZATIONNAME = xxxx;
				TargetAttributes = {
					429161901E026E21000E4A86 = {
						CreatedOnToolsVersion = 8.1;
						DevelopmentTeam = 6DVDU22WC2;
						ProvisioningStyle = Automatic;
					};
				};
			};
			buildConfigurationList = 4291618C1E026E21000E4A86 /* Build configuration list for PBXProject "动画" */;
			compatibilityVersion = "Xcode 3.2";
			developmentRegion = English;
			hasScannedForEncodings = 0;
			knownRegions = (
				en,
				Base,
			);
			mainGroup = 429161881E026E21000E4A86;
			productRefGroup = 429161921E026E21000E4A86 /* Products */;
			projectDirPath = "";
			projectRoot = "";
			targets = (
				429161901E026E21000E4A86 /* 动画 */,
			);
		};
/* End PBXProject section */

/* Begin PBXResourcesBuildPhase section */
		4291618F1E026E21000E4A86 /* Resources */ = {
			isa = PBXResourcesBuildPhase;
			buildActionMask = 2147483647;
			files = (
				4291619F1E026E21000E4A86 /* LaunchScreen.storyboard in Resources */,
				4291619C1E026E21000E4A86 /* Assets.xcassets in Resources */,
				4291619A1E026E21000E4A86 /* Main.storyboard in Resources */,
			);
			runOnlyForDeploymentPostprocessing = 0;
		};
/* End PBXResourcesBuildPhase section */

/* Begin PBXSourcesBuildPhase section */
		4291618D1E026E21000E4A86 /* Sources */ = {
			isa = PBXSourcesBuildPhase;
			buildActionMask = 2147483647;
			files = (
				42FB6F831E13B3D1001106E9 /* ZTableView.swift in Sources */,
				429161971E026E21000E4A86 /* ViewController.swift in Sources */,
				429161951E026E21000E4A86 /* AppDelegate.swift in Sources */,
				429161A71E02742E000E4A86 /* donghua.swift in Sources */,
			);
			runOnlyForDeploymentPostprocessing = 0;
		};
/* End PBXSourcesBuildPhase section */

/* Begin PBXVariantGroup section */
		429161981E026E21000E4A86 /* Main.storyboard */ = {
			isa = PBXVariantGroup;
			children = (
				429161991E026E21000E4A86 /* Base */,
			);
			name = Main.storyboard;
			sourceTree = "<group>";
		};
		4291619D1E026E21000E4A86 /* LaunchScreen.storyboard */ = {
			isa = PBXVariantGroup;
			children = (
				4291619E1E026E21000E4A86 /* Base */,
			);
			name = LaunchScreen.storyboard;
			sourceTree = "<group>";
		};
/* End PBXVariantGroup section */

/* Begin XCBuildConfiguration section */
		429161A11E026E21000E4A86 /* Debug */ = {
			isa = XCBuildConfiguration;
			buildSettings = {
				ALWAYS_SEARCH_USER_PATHS = NO;
				CLANG_ANALYZER_NONNULL = YES;
				CLANG_CXX_LANGUAGE_STANDARD = "gnu++0x";
				CLANG_CXX_LIBRARY = "libc++";
				CLANG_ENABLE_MODULES = YES;
				CLANG_ENABLE_OBJC_ARC = YES;
				CLANG_WARN_BOOL_CONVERSION = YES;
				CLANG_WARN_CONSTANT_CONVERSION = YES;
				CLANG_WARN_DIRECT_OBJC_ISA_USAGE = YES_ERROR;
				CLANG_WARN_DOCUMENTATION_COMMENTS = YES;
				CLANG_WARN_EMPTY_BODY = YES;
				CLANG_WARN_ENUM_CONVERSION = YES;
				CLANG_WARN_INFINITE_RECURSION = YES;
				CLANG_WARN_INT_CONVERSION = YES;
				CLANG_WARN_OBJC_ROOT_CLASS = YES_ERROR;
				CLANG_WARN_SUSPICIOUS_MOVES = YES;
				CLANG_WARN_UNREACHABLE_CODE = YES;
				CLANG_WARN__DUPLICATE_METHOD_MATCH = YES;
				"CODE_SIGN_IDENTITY[sdk=iphoneos*]" = "iPhone Developer";
				COPY_PHASE_STRIP = NO;
				DEBUG_INFORMATION_FORMAT = dwarf;
				ENABLE_STRICT_OBJC_MSGSEND = YES;
				ENABLE_TESTABILITY = YES;
				GCC_C_LANGUAGE_STANDARD = gnu99;
				GCC_DYNAMIC_NO_PIC = NO;
				GCC_NO_COMMON_BLOCKS = YES;
				GCC_OPTIMIZATION_LEVEL = 0;
				GCC_PREPROCESSOR_DEFINITIONS = (
					"DEBUG=1",
					"$(inherited)",
				);
				GCC_WARN_64_TO_32_BIT_CONVERSION = YES;
				GCC_WARN_ABOUT_RETURN_TYPE = YES_ERROR;
				GCC_WARN_UNDECLARED_SELECTOR = YES;
				GCC_WARN_UNINITIALIZED_AUTOS = YES_AGGRESSIVE;
				GCC_WARN_UNUSED_FUNCTION = YES;
				GCC_WARN_UNUSED_VARIABLE = YES;
				IPHONEOS_DEPLOYMENT_TARGET = 10.1;
				MTL_ENABLE_DEBUG_INFO = YES;
				ONLY_ACTIVE_ARCH = YES;
				SDKROOT = iphoneos;
				SWIFT_ACTIVE_COMPILATION_CONDITIONS = DEBUG;
				SWIFT_OPTIMIZATION_LEVEL = "-Onone";
			};
			name = Debug;
		};
		429161A21E026E21000E4A86 /* Release */ = {
			isa = XCBuildConfiguration;
			buildSettings = {
				ALWAYS_SEARCH_USER_PATHS = NO;
				CLANG_ANALYZER_NONNULL = YES;
				CLANG_CXX_LANGUAGE_STANDARD = "gnu++0x";
				CLANG_CXX_LIBRARY = "libc++";
				CLANG_ENABLE_MODULES = YES;
				CLANG_ENABLE_OBJC_ARC = YES;
				CLANG_WARN_BOOL_CONVERSION = YES;
				CLANG_WARN_CONSTANT_CONVERSION = YES;
				CLANG_WARN_DIRECT_OBJC_ISA_USAGE = YES_ERROR;
				CLANG_WARN_DOCUMENTATION_COMMENTS = YES;
				CLANG_WARN_EMPTY_BODY = YES;
				CLANG_WARN_ENUM_CONVERSION = YES;
				CLANG_WARN_INFINITE_RECURSION = YES;
				CLANG_WARN_INT_CONVERSION = YES;
				CLANG_WARN_OBJC_ROOT_CLASS = YES_ERROR;
				CLANG_WARN_SUSPICIOUS_MOVES = YES;
				CLANG_WARN_UNREACHABLE_CODE = YES;
				CLANG_WARN__DUPLICATE_METHOD_MATCH = YES;
				"CODE_SIGN_IDENTITY[sdk=iphoneos*]" = "iPhone Developer";
				COPY_PHASE_STRIP = NO;
				DEBUG_INFORMATION_FORMAT = "dwarf-with-dsym";
				ENABLE_NS_ASSERTIONS = NO;
				ENABLE_STRICT_OBJC_MSGSEND = YES;
				GCC_C_LANGUAGE_STANDARD = gnu99;
				GCC_NO_COMMON_BLOCKS = YES;
				GCC_WARN_64_TO_32_BIT_CONVERSION = YES;
				GCC_WARN_ABOUT_RETURN_TYPE = YES_ERROR;
				GCC_WARN_UNDECLARED_SELECTOR = YES;
				GCC_WARN_UNINITIALIZED_AUTOS = YES_AGGRESSIVE;
				GCC_WARN_UNUSED_FUNCTION = YES;
				GCC_WARN_UNUSED_VARIABLE = YES;
				IPHONEOS_DEPLOYMENT_TARGET = 10.1;
				MTL_ENABLE_DEBUG_INFO = NO;
				SDKROOT = iphoneos;
				SWIFT_OPTIMIZATION_LEVEL = "-Owholemodule";
				VALIDATE_PRODUCT = YES;
			};
			name = Release;
		};
		429161A41E026E21000E4A86 /* Debug */ = {
			isa = XCBuildConfiguration;
			buildSettings = {
				ASSETCATALOG_COMPILER_APPICON_NAME = AppIcon;
				DEVELOPMENT_TEAM = 6DVDU22WC2;
				INFOPLIST_FILE = "动画/Info.plist";
				LD_RUNPATH_SEARCH_PATHS = "$(inherited) @executable_path/Frameworks";
				PRODUCT_BUNDLE_IDENTIFIER = "xxxx.--";
				PRODUCT_NAME = "$(TARGET_NAME)";
				SWIFT_VERSION = 3.0;
			};
			name = Debug;
		};
		429161A51E026E21000E4A86 /* Release */ = {
			isa = XCBuildConfiguration;
			buildSettings = {
				ASSETCATALOG_COMPILER_APPICON_NAME = AppIcon;
				DEVELOPMENT_TEAM = 6DVDU22WC2;
				INFOPLIST_FILE = "动画/Info.plist";
				LD_RUNPATH_SEARCH_PATHS = "$(inherited) @executable_path/Frameworks";
				PRODUCT_BUNDLE_IDENTIFIER = "xxxx.--";
				PRODUCT_NAME = "$(TARGET_NAME)";
				SWIFT_VERSION = 3.0;
			};
			name = Release;
		};
/* End XCBuildConfiguration section */

/* Begin XCConfigurationList section */
		4291618C1E026E21000E4A86 /* Build configuration list for PBXProject "动画" */ = {
			isa = XCConfigurationList;
			buildConfigurations = (
				429161A11E026E21000E4A86 /* Debug */,
				429161A21E026E21000E4A86 /* Release */,
			);
			defaultConfigurationIsVisible = 0;
			defaultConfigurationName = Release;
		};
		429161A31E026E21000E4A86 /* Build configuration list for PBXNativeTarget "动画" */ = {
			isa = XCConfigurationList;
			buildConfigurations = (
				429161A41E026E21000E4A86 /* Debug */,
				429161A51E026E21000E4A86 /* Release */,
			);
			defaultConfigurationIsVisible = 0;
			defaultConfigurationName = Release;
		};
/* End XCConfigurationList section */
	};
	rootObject = 429161891E026E21000E4A86 /* Project object */;
}
